
Microsoft Visual Studio Solution File, Format Version 12.00
# Visual Studio Version 17
VisualStudioVersion = 17.7.34202.233
MinimumVisualStudioVersion = 10.0.40219.1
Project("{FAE04EC0-301F-11D3-BF4B-00C04F79EFBC}") = "DataAccess", "DataAccess\DataAccess.csproj", "{4781009D-5341-4F9F-96AF-7D3099C39166}"
EndProject
Project("{FAE04EC0-301F-11D3-BF4B-00C04F79EFBC}") = "Business", "Business\Business.csproj", "{9B26E1FF-B456-49D2-91B8-5A9940FA5000}"
EndProject
Project("{FAE04EC0-301F-11D3-BF4B-00C04F79EFBC}") = "Entities", "Entities\Entities.csproj", "{95C4A0CF-EF08-4449-BA8C-74B0898AB257}"
EndProject
Project("{FAE04EC0-301F-11D3-BF4B-00C04F79EFBC}") = "ConsoleUI", "ConsoleUI\ConsoleUI.csproj", "{0D7F0FCF-54EE-47F7-B973-B400653D0C19}"
EndProject
Global
	GlobalSection(SolutionConfigurationPlatforms) = preSolution
		Debug|Any CPU = Debug|Any CPU
		Release|Any CPU = Release|Any CPU
	EndGlobalSection
	GlobalSection(ProjectConfigurationPlatforms) = postSolution
		{4781009D-5341-4F9F-96AF-7D3099C39166}.Debug|Any CPU.ActiveCfg = Debug|Any CPU
		{4781009D-5341-4F9F-96AF-7D3099C39166}.Debug|Any CPU.Build.0 = Debug|Any CPU
		{4781009D-5341-4F9F-96AF-7D3099C39166}.Release|Any CPU.ActiveCfg = Release|Any CPU
		{4781009D-5341-4F9F-96AF-7D3099C39166}.Release|Any CPU.Build.0 = Release|Any CPU
		{9B26E1FF-B456-49D2-91B8-5A9940FA5000}.Debug|Any CPU.ActiveCfg = Debug|Any CPU
		{9B26E1FF-B456-49D2-91B8-5A9940FA5000}.Debug|Any CPU.Build.0 = Debug|Any CPU
		{9B26E1FF-B456-49D2-91B8-5A9940FA5000}.Release|Any CPU.ActiveCfg = Release|Any CPU
		{9B26E1FF-B456-49D2-91B8-5A9940FA5000}.Release|Any CPU.Build.0 = Release|Any CPU
		{95C4A0CF-EF08-4449-BA8C-74B0898AB257}.Debug|Any CPU.ActiveCfg = Debug|Any CPU
		{95C4A0CF-EF08-4449-BA8C-74B0898AB257}.Debug|Any CPU.Build.0 = Debug|Any CPU
		{95C4A0CF-EF08-4449-BA8C-74B0898AB257}.Release|Any CPU.ActiveCfg = Release|Any CPU
		{95C4A0CF-EF08-4449-BA8C-74B0898AB257}.Release|Any CPU.Build.0 = Release|Any CPU
		{0D7F0FCF-54EE-47F7-B973-B400653D0C19}.Debug|Any CPU.ActiveCfg = Debug|Any CPU
		{0D7F0FCF-54EE-47F7-B973-B400653D0C19}.Debug|Any CPU.Build.0 = Debug|Any CPU
		{0D7F0FCF-54EE-47F7-B973-B400653D0C19}.Release|Any CPU.ActiveCfg = Release|Any CPU
		{0D7F0FCF-54EE-47F7-B973-B400653D0C19}.Release|Any CPU.Build.0 = Release|Any CPU
	EndGlobalSection
	GlobalSection(SolutionProperties) = preSolution
		HideSolutionNode = FALSE
	EndGlobalSection
	GlobalSection(ExtensibilityGlobals) = postSolution
		SolutionGuid = {AA9F2AFB-F6E5-4928-8457-B4C815913F6B}
	EndGlobalSection
EndGlobal
